
Microsoft Visual Studio Solution File, Format Version 12.00
# Visual Studio 15
VisualStudioVersion = 15.0.28307.2092
MinimumVisualStudioVersion = 10.0.40219.1
Project("{FAE04EC0-301F-11D3-BF4B-00C04F79EFBC}") = "WindowsFormsApp7", "WindowsFormsApp7\WindowsFormsApp7.csproj", "{E2DA68FD-8C32-4F64-BCE0-67402B2C6906}"
EndProject
Global
	GlobalSection(SolutionConfigurationPlatforms) = preSolution
		Debug|Any CPU = Debug|Any CPU
		Release|Any CPU = Release|Any CPU
	EndGlobalSection
	GlobalSection(ProjectConfigurationPlatforms) = postSolution
		{E2DA68FD-8C32-4F64-BCE0-67402B2C6906}.Debug|Any CPU.ActiveCfg = Debug|Any CPU
		{E2DA68FD-8C32-4F64-BCE0-67402B2C6906}.Debug|Any CPU.Build.0 = Debug|Any CPU
		{E2DA68FD-8C32-4F64-BCE0-67402B2C6906}.Release|Any CPU.ActiveCfg = Release|Any CPU
		{E2DA68FD-8C32-4F64-BCE0-67402B2C6906}.Release|Any CPU.Build.0 = Release|Any CPU
	EndGlobalSection
	GlobalSection(SolutionProperties) = preSolution
		HideSolutionNode = FALSE
	EndGlobalSection
	GlobalSection(ExtensibilityGlobals) = postSolution
		SolutionGuid = {5A452744-DFFD-48A7-B4C3-23BC04BEBCCF}
	EndGlobalSection
EndGlobal
